# This file is autogenerated, do not edit; changes may be undone by the next 'dep ensure'.


[[projects]]
  digest = "1:d2c84374e37085b97762b77f695101a96aea829293a6ab43915df0248a21fe9c"
  name = "github.com/golang/snappy"
  packages = ["."]
  pruneopts = "UT"
  revision = "196ae77b8a26000fa30caa8b2b541e09674dbc43"
  version = "v0.0.2"

[[projects]]
  digest = "1:59f6147a4770527f7e44b4e67e6c59429d0468a37af2ce3fa71cf06b92da6e3e"
  name = "github.com/jasonlvhit/gocron"
  packages = ["."]
  pruneopts = "UT"
  revision = "5c21418a78e8acd5ffefca47dc353df67222e5c8"
  version = "0.1"

[[projects]]
  digest = "1:ecd9aa82687cf31d1585d4ac61d0ba180e42e8a6182b85bd785fcca8dfeefc1b"
  name = "github.com/joho/godotenv"
  packages = ["."]
  pruneopts = "UT"
  revision = "23d116af351c84513e1946b527c88823e476be13"
  version = "v1.3.0"

[[projects]]
  digest = "1:a11a4a28299857d56ea1d467bd7084f7c1c2d187f08f582725afc6fa52fa733f"
  name = "github.com/klauspost/compress"
  packages = [
    "fse",
    "huff0",
    "snappy",
    "zstd",
    "zstd/internal/xxhash",
  ]
  pruneopts = "UT"
  revision = "85d8ebff245ce04f07ea619ca9c73be887313eae"
  version = "v1.11.7"

[[projects]]
  digest = "1:62f794e53445d22aa4d1709a9123053b9bf7c3284571b5b807f80d57e1648844"
  name = "github.com/lib/pq"
  packages = [
    ".",
    "oid",
    "scram",
  ]
  pruneopts = "UT"
  revision = "4604d39ddc9f62e2ca152114c73aec99b77a3468"
  version = "v1.9.0"

[[projects]]
  digest = "1:5d4e89b52ea1467abc362f480ebba12a1b528217f5b6f617ba6a1203d566571b"
  name = "github.com/pierrec/lz4"
  packages = [
    ".",
    "internal/xxh32",
  ]
  pruneopts = "UT"
  revision = "0e583d326e0ec6b9c1ad223188dc709af385408e"
  version = "v2.6.0"

[[projects]]
  digest = "1:ce32a5a830556ea43e155b071970d858da221929638796087fa1b387a9d6ab0e"
  name = "github.com/segmentio/kafka-go"
  packages = [
    ".",
    "compress",
    "compress/gzip",
    "compress/lz4",
    "compress/snappy",
    "compress/zstd",
    "protocol",
    "protocol/apiversions",
    "protocol/createtopics",
    "protocol/deletetopics",
    "protocol/fetch",
    "protocol/findcoordinator",
    "protocol/listoffsets",
    "protocol/metadata",
    "protocol/offsetfetch",
    "protocol/produce",
    "protocol/saslauthenticate",
    "protocol/saslhandshake",
    "sasl",
  ]
  pruneopts = "UT"
  revision = "88835a01d3e198d957e9595b8b035951f72644f9"
  version = "v0.4.8"

[solve-meta]
  analyzer-name = "dep"
  analyzer-version = 1
  input-imports = [
    "github.com/jasonlvhit/gocron",
    "github.com/joho/godotenv",
    "github.com/lib/pq",
    "github.com/segmentio/kafka-go",
  ]
  solver-name = "gps-cdcl"
  solver-version = 1
